
Microsoft Visual Studio Solution File, Format Version 12.00
# Visual Studio Version 17
VisualStudioVersion = 17.7.34031.279
MinimumVisualStudioVersion = 10.0.40219.1
Project("{FAE04EC0-301F-11D3-BF4B-00C04F79EFBC}") = "Laba 1", "Laba 1.csproj", "{9300011E-7C8A-4241-B709-3B6D15B11C2E}"
EndProject
Global
	GlobalSection(SolutionConfigurationPlatforms) = preSolution
		Debug|Any CPU = Debug|Any CPU
		Release|Any CPU = Release|Any CPU
	EndGlobalSection
	GlobalSection(ProjectConfigurationPlatforms) = postSolution
		{9300011E-7C8A-4241-B709-3B6D15B11C2E}.Debug|Any CPU.ActiveCfg = Debug|Any CPU
		{9300011E-7C8A-4241-B709-3B6D15B11C2E}.Debug|Any CPU.Build.0 = Debug|Any CPU
		{9300011E-7C8A-4241-B709-3B6D15B11C2E}.Release|Any CPU.ActiveCfg = Release|Any CPU
		{9300011E-7C8A-4241-B709-3B6D15B11C2E}.Release|Any CPU.Build.0 = Release|Any CPU
	EndGlobalSection
	GlobalSection(SolutionProperties) = preSolution
		HideSolutionNode = FALSE
	EndGlobalSection
	GlobalSection(ExtensibilityGlobals) = postSolution
		SolutionGuid = {9FE2B81E-452C-445D-879D-7C6F9C76B951}
	EndGlobalSection
EndGlobal
